// !$*UTF8*$!
{
	archiveVersion = 1;
	classes = {
	};
	objectVersion = 46;
	objects = {

/* Begin PBXBuildFile section */
		4408D5911F00F190001C1FED /* WBBaseProjectTests.m in Sources */ = {isa = PBXBuildFile; fileRef = 4408D5901F00F190001C1FED /* WBBaseProjectTests.m */; };
		4408D59C1F00F190001C1FED /* WBBaseProjectUITests.m in Sources */ = {isa = PBXBuildFile; fileRef = 4408D59B1F00F190001C1FED /* WBBaseProjectUITests.m */; };
		445B3C431F01E83500D678AA /* AppDelegate.m in Sources */ = {isa = PBXBuildFile; fileRef = 445B3C3B1F01E83500D678AA /* AppDelegate.m */; };
		445B3C441F01E83500D678AA /* Assets.xcassets in Resources */ = {isa = PBXBuildFile; fileRef = 445B3C3C1F01E83500D678AA /* Assets.xcassets */; };
		445B3C451F01E83500D678AA /* LaunchScreen.storyboard in Resources */ = {isa = PBXBuildFile; fileRef = 445B3C3D1F01E83500D678AA /* LaunchScreen.storyboard */; };
		445B3C461F01E83500D678AA /* Main.storyboard in Resources */ = {isa = PBXBuildFile; fileRef = 445B3C3F1F01E83500D678AA /* Main.storyboard */; };
		445B3C471F01E83500D678AA /* Info.plist in Resources */ = {isa = PBXBuildFile; fileRef = 445B3C411F01E83500D678AA /* Info.plist */; };
		445B3C481F01E83500D678AA /* main.m in Sources */ = {isa = PBXBuildFile; fileRef = 445B3C421F01E83500D678AA /* main.m */; };
		445B3C591F01E9BE00D678AA /* ViewController.m in Sources */ = {isa = PBXBuildFile; fileRef = 445B3C581F01E9BE00D678AA /* ViewController.m */; };
		83E80F6F543ADADD19ECA133 /* libPods-WBBaseProject.a in Frameworks */ = {isa = PBXBuildFile; fileRef = 3D590C69F4E5ED3B1F7F9DC3 /* libPods-WBBaseProject.a */; };
		D69EFC3B310E14EA1864EDF2 /* libPods-WBBaseProjectUITests.a in Frameworks */ = {isa = PBXBuildFile; fileRef = 9C66C52F59E6D0AEA3D06567 /* libPods-WBBaseProjectUITests.a */; };
		F985351E886F0CE17FDA1309 /* libPods-WBBaseProjectTests.a in Frameworks */ = {isa = PBXBuildFile; fileRef = 01537FE0AC3DAD7AD21BAE47 /* libPods-WBBaseProjectTests.a */; };
/* End PBXBuildFile section */

/* Begin PBXContainerItemProxy section */
		4408D58D1F00F190001C1FED /* PBXContainerItemProxy */ = {
			isa = PBXContainerItemProxy;
			containerPortal = 4408D56B1F00F190001C1FED /* Project object */;
			proxyType = 1;
			remoteGlobalIDString = 4408D5721F00F190001C1FED;
			remoteInfo = WBBaseProject;
		};
		4408D5981F00F190001C1FED /* PBXContainerItemProxy */ = {
			isa = PBXContainerItemProxy;
			containerPortal = 4408D56B1F00F190001C1FED /* Project object */;
			proxyType = 1;
			remoteGlobalIDString = 4408D5721F00F190001C1FED;
			remoteInfo = WBBaseProject;
		};
/* End PBXContainerItemProxy section */

/* Begin PBXFileReference section */
		01537FE0AC3DAD7AD21BAE47 /* libPods-WBBaseProjectTests.a */ = {isa = PBXFileReference; explicitFileType = archive.ar; includeInIndex = 0; path = "libPods-WBBaseProjectTests.a"; sourceTree = BUILT_PRODUCTS_DIR; };
		289E1552C77CA53A1909A6F6 /* Pods-WBBaseProjectTests.release.xcconfig */ = {isa = PBXFileReference; includeInIndex = 1; lastKnownFileType = text.xcconfig; name = "Pods-WBBaseProjectTests.release.xcconfig"; path = "Pods/Target Support Files/Pods-WBBaseProjectTests/Pods-WBBaseProjectTests.release.xcconfig"; sourceTree = "<group>"; };
		3D590C69F4E5ED3B1F7F9DC3 /* libPods-WBBaseProject.a */ = {isa = PBXFileReference; explicitFileType = archive.ar; includeInIndex = 0; path = "libPods-WBBaseProject.a"; sourceTree = BUILT_PRODUCTS_DIR; };
		4408D5731F00F190001C1FED /* WBBaseProject.app */ = {isa = PBXFileReference; explicitFileType = wrapper.application; includeInIndex = 0; path = WBBaseProject.app; sourceTree = BUILT_PRODUCTS_DIR; };
		4408D58C1F00F190001C1FED /* WBBaseProjectTests.xctest */ = {isa = PBXFileReference; explicitFileType = wrapper.cfbundle; includeInIndex = 0; path = WBBaseProjectTests.xctest; sourceTree = BUILT_PRODUCTS_DIR; };
		4408D5901F00F190001C1FED /* WBBaseProjectTests.m */ = {isa = PBXFileReference; lastKnownFileType = sourcecode.c.objc; path = WBBaseProjectTests.m; sourceTree = "<group>"; };
		4408D5921F00F190001C1FED /* Info.plist */ = {isa = PBXFileReference; lastKnownFileType = text.plist.xml; path = Info.plist; sourceTree = "<group>"; };
		4408D5971F00F190001C1FED /* WBBaseProjectUITests.xctest */ = {isa = PBXFileReference; explicitFileType = wrapper.cfbundle; includeInIndex = 0; path = WBBaseProjectUITests.xctest; sourceTree = BUILT_PRODUCTS_DIR; };
		4408D59B1F00F190001C1FED /* WBBaseProjectUITests.m */ = {isa = PBXFileReference; lastKnownFileType = sourcecode.c.objc; path = WBBaseProjectUITests.m; sourceTree = "<group>"; };
		4408D59D1F00F190001C1FED /* Info.plist */ = {isa = PBXFileReference; lastKnownFileType = text.plist.xml; path = Info.plist; sourceTree = "<group>"; };
		445B3C3A1F01E83500D678AA /* AppDelegate.h */ = {isa = PBXFileReference; fileEncoding = 4; lastKnownFileType = sourcecode.c.h; path = AppDelegate.h; sourceTree = "<group>"; };
		445B3C3B1F01E83500D678AA /* AppDelegate.m */ = {isa = PBXFileReference; fileEncoding = 4; lastKnownFileType = sourcecode.c.objc; path = AppDelegate.m; sourceTree = "<group>"; };
		445B3C3C1F01E83500D678AA /* Assets.xcassets */ = {isa = PBXFileReference; lastKnownFileType = folder.assetcatalog; path = Assets.xcassets; sourceTree = "<group>"; };
		445B3C3E1F01E83500D678AA /* Base */ = {isa = PBXFileReference; lastKnownFileType = file.storyboard; name = Base; path = Base.lproj/LaunchScreen.storyboard; sourceTree = "<group>"; };
		445B3C401F01E83500D678AA /* Base */ = {isa = PBXFileReference; lastKnownFileType = file.storyboard; name = Base; path = Base.lproj/Main.storyboard; sourceTree = "<group>"; };
		445B3C411F01E83500D678AA /* Info.plist */ = {isa = PBXFileReference; fileEncoding = 4; lastKnownFileType = text.plist.xml; path = Info.plist; sourceTree = "<group>"; };
		445B3C421F01E83500D678AA /* main.m */ = {isa = PBXFileReference; fileEncoding = 4; lastKnownFileType = sourcecode.c.objc; path = main.m; sourceTree = "<group>"; };
		445B3C571F01E9BE00D678AA /* ViewController.h */ = {isa = PBXFileReference; fileEncoding = 4; lastKnownFileType = sourcecode.c.h; path = ViewController.h; sourceTree = "<group>"; };
		445B3C581F01E9BE00D678AA /* ViewController.m */ = {isa = PBXFileReference; fileEncoding = 4; lastKnownFileType = sourcecode.c.objc; path = ViewController.m; sourceTree = "<group>"; };
		445B3C5A1F01F1FA00D678AA /* WBBaseProject.pch */ = {isa = PBXFileReference; fileEncoding = 4; lastKnownFileType = sourcecode.c.h; path = WBBaseProject.pch; sourceTree = "<group>"; };
		456BE3731DC6634E3B0B6052 /* Pods-WBBaseProject.debug.xcconfig */ = {isa = PBXFileReference; includeInIndex = 1; lastKnownFileType = text.xcconfig; name = "Pods-WBBaseProject.debug.xcconfig"; path = "Pods/Target Support Files/Pods-WBBaseProject/Pods-WBBaseProject.debug.xcconfig"; sourceTree = "<group>"; };
		599D123F73C9DAA6CF038FB1 /* Pods-WBBaseProjectUITests.release.xcconfig */ = {isa = PBXFileReference; includeInIndex = 1; lastKnownFileType = text.xcconfig; name = "Pods-WBBaseProjectUITests.release.xcconfig"; path = "Pods/Target Support Files/Pods-WBBaseProjectUITests/Pods-WBBaseProjectUITests.release.xcconfig"; sourceTree = "<group>"; };
		765A8C02263CEE9727E7F032 /* Pods-WBBaseProjectTests.debug.xcconfig */ = {isa = PBXFileReference; includeInIndex = 1; lastKnownFileType = text.xcconfig; name = "Pods-WBBaseProjectTests.debug.xcconfig"; path = "Pods/Target Support Files/Pods-WBBaseProjectTests/Pods-WBBaseProjectTests.debug.xcconfig"; sourceTree = "<group>"; };
		84E2724AF33A520134F48217 /* Pods-WBBaseProject.release.xcconfig */ = {isa = PBXFileReference; includeInIndex = 1; lastKnownFileType = text.xcconfig; name = "Pods-WBBaseProject.release.xcconfig"; path = "Pods/Target Support Files/Pods-WBBaseProject/Pods-WBBaseProject.release.xcconfig"; sourceTree = "<group>"; };
		9C66C52F59E6D0AEA3D06567 /* libPods-WBBaseProjectUITests.a */ = {isa = PBXFileReference; explicitFileType = archive.ar; includeInIndex = 0; path = "libPods-WBBaseProjectUITests.a"; sourceTree = BUILT_PRODUCTS_DIR; };
		EEC62C70FB21457F5DA16C03 /* Pods-WBBaseProjectUITests.debug.xcconfig */ = {isa = PBXFileReference; includeInIndex = 1; lastKnownFileType = text.xcconfig; name = "Pods-WBBaseProjectUITests.debug.xcconfig"; path = "Pods/Target Support Files/Pods-WBBaseProjectUITests/Pods-WBBaseProjectUITests.debug.xcconfig"; sourceTree = "<group>"; };
/* End PBXFileReference section */

/* Begin PBXFrameworksBuildPhase section */
		4408D5701F00F190001C1FED /* Frameworks */ = {
			isa = PBXFrameworksBuildPhase;
			buildActionMask = 2147483647;
			files = (
				83E80F6F543ADADD19ECA133 /* libPods-WBBaseProject.a in Frameworks */,
			);
			runOnlyForDeploymentPostprocessing = 0;
		};
		4408D5891F00F190001C1FED /* Frameworks */ = {
			isa = PBXFrameworksBuildPhase;
			buildActionMask = 2147483647;
			files = (
				F985351E886F0CE17FDA1309 /* libPods-WBBaseProjectTests.a in Frameworks */,
			);
			runOnlyForDeploymentPostprocessing = 0;
		};
		4408D5941F00F190001C1FED /* Frameworks */ = {
			isa = PBXFrameworksBuildPhase;
			buildActionMask = 2147483647;
			files = (
				D69EFC3B310E14EA1864EDF2 /* libPods-WBBaseProjectUITests.a in Frameworks */,
			);
			runOnlyForDeploymentPostprocessing = 0;
		};
/* End PBXFrameworksBuildPhase section */

/* Begin PBXGroup section */
		4408D56A1F00F190001C1FED = {
			isa = PBXGroup;
			children = (
				4408D5751F00F190001C1FED /* WBBaseProject */,
				4408D58F1F00F190001C1FED /* WBBaseProjectTests */,
				4408D59A1F00F190001C1FED /* WBBaseProjectUITests */,
				4408D5741F00F190001C1FED /* Products */,
				E5F64172BCE8BBE67663F9BE /* Pods */,
				A92B4550244A78D33C5CDFAA /* Frameworks */,
			);
			sourceTree = "<group>";
		};
		4408D5741F00F190001C1FED /* Products */ = {
			isa = PBXGroup;
			children = (
				4408D5731F00F190001C1FED /* WBBaseProject.app */,
				4408D58C1F00F190001C1FED /* WBBaseProjectTests.xctest */,
				4408D5971F00F190001C1FED /* WBBaseProjectUITests.xctest */,
			);
			name = Products;
			sourceTree = "<group>";
		};
		4408D5751F00F190001C1FED /* WBBaseProject */ = {
			isa = PBXGroup;
			children = (
				445B3C501F01E88500D678AA /* Main(主要) */,
				445B3C491F01E88500D678AA /* Expand(扩展) */,
				445B3C551F01E88500D678AA /* SDKFile(集成) */,
				445B3C391F01E83500D678AA /* Supporting Files */,
				445B3C511F01E88500D678AA /* Resource(资源) */,
			);
			path = WBBaseProject;
			sourceTree = "<group>";
		};
		4408D58F1F00F190001C1FED /* WBBaseProjectTests */ = {
			isa = PBXGroup;
			children = (
				4408D5901F00F190001C1FED /* WBBaseProjectTests.m */,
				4408D5921F00F190001C1FED /* Info.plist */,
			);
			path = WBBaseProjectTests;
			sourceTree = "<group>";
		};
		4408D59A1F00F190001C1FED /* WBBaseProjectUITests */ = {
			isa = PBXGroup;
			children = (
				4408D59B1F00F190001C1FED /* WBBaseProjectUITests.m */,
				4408D59D1F00F190001C1FED /* Info.plist */,
			);
			path = WBBaseProjectUITests;
			sourceTree = "<group>";
		};
		445B3C391F01E83500D678AA /* Supporting Files */ = {
			isa = PBXGroup;
			children = (
				445B3C3A1F01E83500D678AA /* AppDelegate.h */,
				445B3C3B1F01E83500D678AA /* AppDelegate.m */,
				445B3C3C1F01E83500D678AA /* Assets.xcassets */,
				445B3C3D1F01E83500D678AA /* LaunchScreen.storyboard */,
				445B3C3F1F01E83500D678AA /* Main.storyboard */,
				445B3C411F01E83500D678AA /* Info.plist */,
				445B3C421F01E83500D678AA /* main.m */,
			);
			path = "Supporting Files";
			sourceTree = "<group>";
		};
		445B3C491F01E88500D678AA /* Expand(扩展) */ = {
			isa = PBXGroup;
			children = (
				445B3C561F01E91600D678AA /* Contant(常量) */,
				445B3C4A1F01E88500D678AA /* Category(分类) */,
				445B3C4C1F01E88500D678AA /* Macros(宏) */,
				445B3C4D1F01E88500D678AA /* Networking(网络) */,
				445B3C4E1F01E88500D678AA /* Tool(工具) */,
				445B3C4F1F01E88500D678AA /* Vendor(第三方) */,
			);
			path = "Expand(扩展)";
			sourceTree = "<group>";
		};
		445B3C4A1F01E88500D678AA /* Category(分类) */ = {
			isa = PBXGroup;
			children = (
			);
			path = "Category(分类)";
			sourceTree = "<group>";
		};
		445B3C4C1F01E88500D678AA /* Macros(宏) */ = {
			isa = PBXGroup;
			children = (
				445B3C5A1F01F1FA00D678AA /* WBBaseProject.pch */,
			);
			path = "Macros(宏)";
			sourceTree = "<group>";
		};
		445B3C4D1F01E88500D678AA /* Networking(网络) */ = {
			isa = PBXGroup;
			children = (
			);
			path = "Networking(网络)";
			sourceTree = "<group>";
		};
		445B3C4E1F01E88500D678AA /* Tool(工具) */ = {
			isa = PBXGroup;
			children = (
			);
			path = "Tool(工具)";
			sourceTree = "<group>";
		};
		445B3C4F1F01E88500D678AA /* Vendor(第三方) */ = {
			isa = PBXGroup;
			children = (
			);
			path = "Vendor(第三方)";
			sourceTree = "<group>";
		};
		445B3C501F01E88500D678AA /* Main(主要) */ = {
			isa = PBXGroup;
			children = (
				445B3C571F01E9BE00D678AA /* ViewController.h */,
				445B3C581F01E9BE00D678AA /* ViewController.m */,
			);
			path = "Main(主要)";
			sourceTree = "<group>";
		};
		445B3C511F01E88500D678AA /* Resource(资源) */ = {
			isa = PBXGroup;
			children = (
			);
			path = "Resource(资源)";
			sourceTree = "<group>";
		};
		445B3C551F01E88500D678AA /* SDKFile(集成) */ = {
			isa = PBXGroup;
			children = (
			);
			path = "SDKFile(集成)";
			sourceTree = "<group>";
		};
		445B3C561F01E91600D678AA /* Contant(常量) */ = {
			isa = PBXGroup;
			children = (
			);
			path = "Contant(常量)";
			sourceTree = "<group>";
		};
		A92B4550244A78D33C5CDFAA /* Frameworks */ = {
			isa = PBXGroup;
			children = (
				3D590C69F4E5ED3B1F7F9DC3 /* libPods-WBBaseProject.a */,
				01537FE0AC3DAD7AD21BAE47 /* libPods-WBBaseProjectTests.a */,
				9C66C52F59E6D0AEA3D06567 /* libPods-WBBaseProjectUITests.a */,
			);
			name = Frameworks;
			sourceTree = "<group>";
		};
		E5F64172BCE8BBE67663F9BE /* Pods */ = {
			isa = PBXGroup;
			children = (
				456BE3731DC6634E3B0B6052 /* Pods-WBBaseProject.debug.xcconfig */,
				84E2724AF33A520134F48217 /* Pods-WBBaseProject.release.xcconfig */,
				765A8C02263CEE9727E7F032 /* Pods-WBBaseProjectTests.debug.xcconfig */,
				289E1552C77CA53A1909A6F6 /* Pods-WBBaseProjectTests.release.xcconfig */,
				EEC62C70FB21457F5DA16C03 /* Pods-WBBaseProjectUITests.debug.xcconfig */,
				599D123F73C9DAA6CF038FB1 /* Pods-WBBaseProjectUITests.release.xcconfig */,
			);
			name = Pods;
			sourceTree = "<group>";
		};
/* End PBXGroup section */

/* Begin PBXNativeTarget section */
		4408D5721F00F190001C1FED /* WBBaseProject */ = {
			isa = PBXNativeTarget;
			buildConfigurationList = 4408D5A01F00F190001C1FED /* Build configuration list for PBXNativeTarget "WBBaseProject" */;
			buildPhases = (
				B8963935A6BAB2DC08D61D24 /* [CP] Check Pods Manifest.lock */,
				4408D56F1F00F190001C1FED /* Sources */,
				4408D5701F00F190001C1FED /* Frameworks */,
				4408D5711F00F190001C1FED /* Resources */,
				8E1A6635A397F9525149536F /* [CP] Embed Pods Frameworks */,
				919F7EB6FA68C1BE2F9CC401 /* [CP] Copy Pods Resources */,
			);
			buildRules = (
			);
			dependencies = (
			);
			name = WBBaseProject;
			productName = WBBaseProject;
			productReference = 4408D5731F00F190001C1FED /* WBBaseProject.app */;
			productType = "com.apple.product-type.application";
		};
		4408D58B1F00F190001C1FED /* WBBaseProjectTests */ = {
			isa = PBXNativeTarget;
			buildConfigurationList = 4408D5A31F00F190001C1FED /* Build configuration list for PBXNativeTarget "WBBaseProjectTests" */;
			buildPhases = (
				AD19C37F6E9A79A246B365AD /* [CP] Check Pods Manifest.lock */,
				4408D5881F00F190001C1FED /* Sources */,
				4408D5891F00F190001C1FED /* Frameworks */,
				4408D58A1F00F190001C1FED /* Resources */,
				930C4E49301F1A7FE0198268 /* [CP] Embed Pods Frameworks */,
				1BECB16E62E3A7A92A58A624 /* [CP] Copy Pods Resources */,
			);
			buildRules = (
			);
			dependencies = (
				4408D58E1F00F190001C1FED /* PBXTargetDependency */,
			);
			name = WBBaseProjectTests;
			productName = WBBaseProjectTests;
			productReference = 4408D58C1F00F190001C1FED /* WBBaseProjectTests.xctest */;
			productType = "com.apple.product-type.bundle.unit-test";
		};
		4408D5961F00F190001C1FED /* WBBaseProjectUITests */ = {
			isa = PBXNativeTarget;
			buildConfigurationList = 4408D5A61F00F190001C1FED /* Build configuration list for PBXNativeTarget "WBBaseProjectUITests" */;
			buildPhases = (
				CB86304EB2619FC46C33E017 /* [CP] Check Pods Manifest.lock */,
				4408D5931F00F190001C1FED /* Sources */,
				4408D5941F00F190001C1FED /* Frameworks */,
				4408D5951F00F190001C1FED /* Resources */,
				8A6E8A4D8341C645F6C376FC /* [CP] Embed Pods Frameworks */,
				CD84D0C25EB7235935CA31BB /* [CP] Copy Pods Resources */,
			);
			buildRules = (
			);
			dependencies = (
				4408D5991F00F190001C1FED /* PBXTargetDependency */,
			);
			name = WBBaseProjectUITests;
			productName = WBBaseProjectUITests;
			productReference = 4408D5971F00F190001C1FED /* WBBaseProjectUITests.xctest */;
			productType = "com.apple.product-type.bundle.ui-testing";
		};
/* End PBXNativeTarget section */

/* Begin PBXProject section */
		4408D56B1F00F190001C1FED /* Project object */ = {
			isa = PBXProject;
			attributes = {
				LastUpgradeCheck = 0830;
				ORGANIZATIONNAME = "吴斌";
				TargetAttributes = {
					4408D5721F00F190001C1FED = {
						CreatedOnToolsVersion = 8.3.1;
						DevelopmentTeam = 4HNN93X4DL;
						ProvisioningStyle = Automatic;
					};
					4408D58B1F00F190001C1FED = {
						CreatedOnToolsVersion = 8.3.1;
						DevelopmentTeam = 9N37UN32ZR;
						ProvisioningStyle = Automatic;
						TestTargetID = 4408D5721F00F190001C1FED;
					};
					4408D5961F00F190001C1FED = {
						CreatedOnToolsVersion = 8.3.1;
						DevelopmentTeam = 9N37UN32ZR;
						ProvisioningStyle = Automatic;
						TestTargetID = 4408D5721F00F190001C1FED;
					};
				};
			};
			buildConfigurationList = 4408D56E1F00F190001C1FED /* Build configuration list for PBXProject "WBBaseProject" */;
			compatibilityVersion = "Xcode 3.2";
			developmentRegion = English;
			hasScannedForEncodings = 0;
			knownRegions = (
				en,
				Base,
			);
			mainGroup = 4408D56A1F00F190001C1FED;
			productRefGroup = 4408D5741F00F190001C1FED /* Products */;
			projectDirPath = "";
			projectRoot = "";
			targets = (
				4408D5721F00F190001C1FED /* WBBaseProject */,
				4408D58B1F00F190001C1FED /* WBBaseProjectTests */,
				4408D5961F00F190001C1FED /* WBBaseProjectUITests */,
			);
		};
/* End PBXProject section */

/* Begin PBXResourcesBuildPhase section */
		4408D5711F00F190001C1FED /* Resources */ = {
			isa = PBXResourcesBuildPhase;
			buildActionMask = 2147483647;
			files = (
				445B3C471F01E83500D678AA /* Info.plist in Resources */,
				445B3C461F01E83500D678AA /* Main.storyboard in Resources */,
				445B3C441F01E83500D678AA /* Assets.xcassets in Resources */,
				445B3C451F01E83500D678AA /* LaunchScreen.storyboard in Resources */,
			);
			runOnlyForDeploymentPostprocessing = 0;
		};
		4408D58A1F00F190001C1FED /* Resources */ = {
			isa = PBXResourcesBuildPhase;
			buildActionMask = 2147483647;
			files = (
			);
			runOnlyForDeploymentPostprocessing = 0;
		};
		4408D5951F00F190001C1FED /* Resources */ = {
			isa = PBXResourcesBuildPhase;
			buildActionMask = 2147483647;
			files = (
			);
			runOnlyForDeploymentPostprocessing = 0;
		};
/* End PBXResourcesBuildPhase section */

/* Begin PBXShellScriptBuildPhase section */
		1BECB16E62E3A7A92A58A624 /* [CP] Copy Pods Resources */ = {
			isa = PBXShellScriptBuildPhase;
			buildActionMask = 2147483647;
			files = (
			);
			inputPaths = (
			);
			name = "[CP] Copy Pods Resources";
			outputPaths = (
			);
			runOnlyForDeploymentPostprocessing = 0;
			shellPath = /bin/sh;
			shellScript = "\"${SRCROOT}/Pods/Target Support Files/Pods-WBBaseProjectTests/Pods-WBBaseProjectTests-resources.sh\"\n";
			showEnvVarsInLog = 0;
		};
		8A6E8A4D8341C645F6C376FC /* [CP] Embed Pods Frameworks */ = {
			isa = PBXShellScriptBuildPhase;
			buildActionMask = 2147483647;
			files = (
			);
			inputPaths = (
			);
			name = "[CP] Embed Pods Frameworks";
			outputPaths = (
			);
			runOnlyForDeploymentPostprocessing = 0;
			shellPath = /bin/sh;
			shellScript = "\"${SRCROOT}/Pods/Target Support Files/Pods-WBBaseProjectUITests/Pods-WBBaseProjectUITests-frameworks.sh\"\n";
			showEnvVarsInLog = 0;
		};
		8E1A6635A397F9525149536F /* [CP] Embed Pods Frameworks */ = {
			isa = PBXShellScriptBuildPhase;
			buildActionMask = 2147483647;
			files = (
			);
			inputPaths = (
			);
			name = "[CP] Embed Pods Frameworks";
			outputPaths = (
			);
			runOnlyForDeploymentPostprocessing = 0;
			shellPath = /bin/sh;
			shellScript = "\"${SRCROOT}/Pods/Target Support Files/Pods-WBBaseProject/Pods-WBBaseProject-frameworks.sh\"\n";
			showEnvVarsInLog = 0;
		};
		919F7EB6FA68C1BE2F9CC401 /* [CP] Copy Pods Resources */ = {
			isa = PBXShellScriptBuildPhase;
			buildActionMask = 2147483647;
			files = (
			);
			inputPaths = (
			);
			name = "[CP] Copy Pods Resources";
			outputPaths = (
			);
			runOnlyForDeploymentPostprocessing = 0;
			shellPath = /bin/sh;
			shellScript = "\"${SRCROOT}/Pods/Target Support Files/Pods-WBBaseProject/Pods-WBBaseProject-resources.sh\"\n";
			showEnvVarsInLog = 0;
		};
		930C4E49301F1A7FE0198268 /* [CP] Embed Pods Frameworks */ = {
			isa = PBXShellScriptBuildPhase;
			buildActionMask = 2147483647;
			files = (
			);
			inputPaths = (
			);
			name = "[CP] Embed Pods Frameworks";
			outputPaths = (
			);
			runOnlyForDeploymentPostprocessing = 0;
			shellPath = /bin/sh;
			shellScript = "\"${SRCROOT}/Pods/Target Support Files/Pods-WBBaseProjectTests/Pods-WBBaseProjectTests-frameworks.sh\"\n";
			showEnvVarsInLog = 0;
		};
		AD19C37F6E9A79A246B365AD /* [CP] Check Pods Manifest.lock */ = {
			isa = PBXShellScriptBuildPhase;
			buildActionMask = 2147483647;
			files = (
			);
			inputPaths = (
			);
			name = "[CP] Check Pods Manifest.lock";
			outputPaths = (
			);
			runOnlyForDeploymentPostprocessing = 0;
			shellPath = /bin/sh;
			shellScript = "diff \"${PODS_PODFILE_DIR_PATH}/Podfile.lock\" \"${PODS_ROOT}/Manifest.lock\" > /dev/null\nif [ $? != 0 ] ; then\n    # print error to STDERR\n    echo \"error: The sandbox is not in sync with the Podfile.lock. Run 'pod install' or update your CocoaPods installation.\" >&2\n    exit 1\nfi\n";
			showEnvVarsInLog = 0;
		};
		B8963935A6BAB2DC08D61D24 /* [CP] Check Pods Manifest.lock */ = {
			isa = PBXShellScriptBuildPhase;
			buildActionMask = 2147483647;
			files = (
			);
			inputPaths = (
			);
			name = "[CP] Check Pods Manifest.lock";
			outputPaths = (
			);
			runOnlyForDeploymentPostprocessing = 0;
			shellPath = /bin/sh;
			shellScript = "diff \"${PODS_PODFILE_DIR_PATH}/Podfile.lock\" \"${PODS_ROOT}/Manifest.lock\" > /dev/null\nif [ $? != 0 ] ; then\n    # print error to STDERR\n    echo \"error: The sandbox is not in sync with the Podfile.lock. Run 'pod install' or update your CocoaPods installation.\" >&2\n    exit 1\nfi\n";
			showEnvVarsInLog = 0;
		};
		CB86304EB2619FC46C33E017 /* [CP] Check Pods Manifest.lock */ = {
			isa = PBXShellScriptBuildPhase;
			buildActionMask = 2147483647;
			files = (
			);
			inputPaths = (
			);
			name = "[CP] Check Pods Manifest.lock";
			outputPaths = (
			);
			runOnlyForDeploymentPostprocessing = 0;
			shellPath = /bin/sh;
			shellScript = "diff \"${PODS_PODFILE_DIR_PATH}/Podfile.lock\" \"${PODS_ROOT}/Manifest.lock\" > /dev/null\nif [ $? != 0 ] ; then\n    # print error to STDERR\n    echo \"error: The sandbox is not in sync with the Podfile.lock. Run 'pod install' or update your CocoaPods installation.\" >&2\n    exit 1\nfi\n";
			showEnvVarsInLog = 0;
		};
		CD84D0C25EB7235935CA31BB /* [CP] Copy Pods Resources */ = {
			isa = PBXShellScriptBuildPhase;
			buildActionMask = 2147483647;
			files = (
			);
			inputPaths = (
			);
			name = "[CP] Copy Pods Resources";
			outputPaths = (
			);
			runOnlyForDeploymentPostprocessing = 0;
			shellPath = /bin/sh;
			shellScript = "\"${SRCROOT}/Pods/Target Support Files/Pods-WBBaseProjectUITests/Pods-WBBaseProjectUITests-resources.sh\"\n";
			showEnvVarsInLog = 0;
		};
/* End PBXShellScriptBuildPhase section */

/* Begin PBXSourcesBuildPhase section */
		4408D56F1F00F190001C1FED /* Sources */ = {
			isa = PBXSourcesBuildPhase;
			buildActionMask = 2147483647;
			files = (
				445B3C591F01E9BE00D678AA /* ViewController.m in Sources */,
				445B3C431F01E83500D678AA /* AppDelegate.m in Sources */,
				445B3C481F01E83500D678AA /* main.m in Sources */,
			);
			runOnlyForDeploymentPostprocessing = 0;
		};
		4408D5881F00F190001C1FED /* Sources */ = {
			isa = PBXSourcesBuildPhase;
			buildActionMask = 2147483647;
			files = (
				4408D5911F00F190001C1FED /* WBBaseProjectTests.m in Sources */,
			);
			runOnlyForDeploymentPostprocessing = 0;
		};
		4408D5931F00F190001C1FED /* Sources */ = {
			isa = PBXSourcesBuildPhase;
			buildActionMask = 2147483647;
			files = (
				4408D59C1F00F190001C1FED /* WBBaseProjectUITests.m in Sources */,
			);
			runOnlyForDeploymentPostprocessing = 0;
		};
/* End PBXSourcesBuildPhase section */

/* Begin PBXTargetDependency section */
		4408D58E1F00F190001C1FED /* PBXTargetDependency */ = {
			isa = PBXTargetDependency;
			target = 4408D5721F00F190001C1FED /* WBBaseProject */;
			targetProxy = 4408D58D1F00F190001C1FED /* PBXContainerItemProxy */;
		};
		4408D5991F00F190001C1FED /* PBXTargetDependency */ = {
			isa = PBXTargetDependency;
			target = 4408D5721F00F190001C1FED /* WBBaseProject */;
			targetProxy = 4408D5981F00F190001C1FED /* PBXContainerItemProxy */;
		};
/* End PBXTargetDependency section */

/* Begin PBXVariantGroup section */
		445B3C3D1F01E83500D678AA /* LaunchScreen.storyboard */ = {
			isa = PBXVariantGroup;
			children = (
				445B3C3E1F01E83500D678AA /* Base */,
			);
			name = LaunchScreen.storyboard;
			sourceTree = "<group>";
		};
		445B3C3F1F01E83500D678AA /* Main.storyboard */ = {
			isa = PBXVariantGroup;
			children = (
				445B3C401F01E83500D678AA /* Base */,
			);
			name = Main.storyboard;
			sourceTree = "<group>";
		};
/* End PBXVariantGroup section */

/* Begin XCBuildConfiguration section */
		4408D59E1F00F190001C1FED /* Debug */ = {
			isa = XCBuildConfiguration;
			buildSettings = {
				ALWAYS_SEARCH_USER_PATHS = NO;
				CLANG_ANALYZER_NONNULL = YES;
				CLANG_ANALYZER_NUMBER_OBJECT_CONVERSION = YES_AGGRESSIVE;
				CLANG_CXX_LANGUAGE_STANDARD = "gnu++0x";
				CLANG_CXX_LIBRARY = "libc++";
				CLANG_ENABLE_MODULES = YES;
				CLANG_ENABLE_OBJC_ARC = YES;
				CLANG_WARN_BOOL_CONVERSION = YES;
				CLANG_WARN_CONSTANT_CONVERSION = YES;
				CLANG_WARN_DIRECT_OBJC_ISA_USAGE = YES_ERROR;
				CLANG_WARN_DOCUMENTATION_COMMENTS = YES;
				CLANG_WARN_EMPTY_BODY = YES;
				CLANG_WARN_ENUM_CONVERSION = YES;
				CLANG_WARN_INFINITE_RECURSION = YES;
				CLANG_WARN_INT_CONVERSION = YES;
				CLANG_WARN_OBJC_ROOT_CLASS = YES_ERROR;
				CLANG_WARN_SUSPICIOUS_MOVE = YES;
				CLANG_WARN_UNREACHABLE_CODE = YES;
				CLANG_WARN__DUPLICATE_METHOD_MATCH = YES;
				"CODE_SIGN_IDENTITY[sdk=iphoneos*]" = "iPhone Developer";
				COPY_PHASE_STRIP = NO;
				DEBUG_INFORMATION_FORMAT = dwarf;
				ENABLE_STRICT_OBJC_MSGSEND = YES;
				ENABLE_TESTABILITY = YES;
				GCC_C_LANGUAGE_STANDARD = gnu99;
				GCC_DYNAMIC_NO_PIC = NO;
				GCC_NO_COMMON_BLOCKS = YES;
				GCC_OPTIMIZATION_LEVEL = 0;
				GCC_PREPROCESSOR_DEFINITIONS = (
					"DEBUG=1",
					"$(inherited)",
				);
				GCC_WARN_64_TO_32_BIT_CONVERSION = YES;
				GCC_WARN_ABOUT_RETURN_TYPE = YES_ERROR;
				GCC_WARN_UNDECLARED_SELECTOR = YES;
				GCC_WARN_UNINITIALIZED_AUTOS = YES_AGGRESSIVE;
				GCC_WARN_UNUSED_FUNCTION = YES;
				GCC_WARN_UNUSED_VARIABLE = YES;
				IPHONEOS_DEPLOYMENT_TARGET = 10.3;
				MTL_ENABLE_DEBUG_INFO = YES;
				ONLY_ACTIVE_ARCH = YES;
				SDKROOT = iphoneos;
				TARGETED_DEVICE_FAMILY = "1,2";
			};
			name = Debug;
		};
		4408D59F1F00F190001C1FED /* Release */ = {
			isa = XCBuildConfiguration;
			buildSettings = {
				ALWAYS_SEARCH_USER_PATHS = NO;
				CLANG_ANALYZER_NONNULL = YES;
				CLANG_ANALYZER_NUMBER_OBJECT_CONVERSION = YES_AGGRESSIVE;
				CLANG_CXX_LANGUAGE_STANDARD = "gnu++0x";
				CLANG_CXX_LIBRARY = "libc++";
				CLANG_ENABLE_MODULES = YES;
				CLANG_ENABLE_OBJC_ARC = YES;
				CLANG_WARN_BOOL_CONVERSION = YES;
				CLANG_WARN_CONSTANT_CONVERSION = YES;
				CLANG_WARN_DIRECT_OBJC_ISA_USAGE = YES_ERROR;
				CLANG_WARN_DOCUMENTATION_COMMENTS = YES;
				CLANG_WARN_EMPTY_BODY = YES;
				CLANG_WARN_ENUM_CONVERSION = YES;
				CLANG_WARN_INFINITE_RECURSION = YES;
				CLANG_WARN_INT_CONVERSION = YES;
				CLANG_WARN_OBJC_ROOT_CLASS = YES_ERROR;
				CLANG_WARN_SUSPICIOUS_MOVE = YES;
				CLANG_WARN_UNREACHABLE_CODE = YES;
				CLANG_WARN__DUPLICATE_METHOD_MATCH = YES;
				"CODE_SIGN_IDENTITY[sdk=iphoneos*]" = "iPhone Developer";
				COPY_PHASE_STRIP = NO;
				DEBUG_INFORMATION_FORMAT = "dwarf-with-dsym";
				ENABLE_NS_ASSERTIONS = NO;
				ENABLE_STRICT_OBJC_MSGSEND = YES;
				GCC_C_LANGUAGE_STANDARD = gnu99;
				GCC_NO_COMMON_BLOCKS = YES;
				GCC_WARN_64_TO_32_BIT_CONVERSION = YES;
				GCC_WARN_ABOUT_RETURN_TYPE = YES_ERROR;
				GCC_WARN_UNDECLARED_SELECTOR = YES;
				GCC_WARN_UNINITIALIZED_AUTOS = YES_AGGRESSIVE;
				GCC_WARN_UNUSED_FUNCTION = YES;
				GCC_WARN_UNUSED_VARIABLE = YES;
				IPHONEOS_DEPLOYMENT_TARGET = 10.3;
				MTL_ENABLE_DEBUG_INFO = NO;
				SDKROOT = iphoneos;
				TARGETED_DEVICE_FAMILY = "1,2";
				VALIDATE_PRODUCT = YES;
			};
			name = Release;
		};
		4408D5A11F00F190001C1FED /* Debug */ = {
			isa = XCBuildConfiguration;
			baseConfigurationReference = 456BE3731DC6634E3B0B6052 /* Pods-WBBaseProject.debug.xcconfig */;
			buildSettings = {
				ASSETCATALOG_COMPILER_APPICON_NAME = AppIcon;
				DEVELOPMENT_TEAM = 4HNN93X4DL;
				GCC_PREFIX_HEADER = "$(SRCROOT)/WBBaseProject/Expand(扩展)/Macros(宏)/WBBaseProject.pch";
				INFOPLIST_FILE = "WBBaseProject/Supporting Files/Info.plist";
				IPHONEOS_DEPLOYMENT_TARGET = 8.0;
				LD_RUNPATH_SEARCH_PATHS = "$(inherited) @executable_path/Frameworks";
				PRODUCT_BUNDLE_IDENTIFIER = wubin.WBBaseProject;
				PRODUCT_NAME = "$(TARGET_NAME)";
			};
			name = Debug;
		};
		4408D5A21F00F190001C1FED /* Release */ = {
			isa = XCBuildConfiguration;
			baseConfigurationReference = 84E2724AF33A520134F48217 /* Pods-WBBaseProject.release.xcconfig */;
			buildSettings = {
				ASSETCATALOG_COMPILER_APPICON_NAME = AppIcon;
				DEVELOPMENT_TEAM = 4HNN93X4DL;
				GCC_PREFIX_HEADER = "$(SRCROOT)/WBBaseProject/Expand(扩展)/Macros(宏)/WBBaseProject.pch";
				INFOPLIST_FILE = "WBBaseProject/Supporting Files/Info.plist";
				IPHONEOS_DEPLOYMENT_TARGET = 8.0;
				LD_RUNPATH_SEARCH_PATHS = "$(inherited) @executable_path/Frameworks";
				PRODUCT_BUNDLE_IDENTIFIER = wubin.WBBaseProject;
				PRODUCT_NAME = "$(TARGET_NAME)";
			};
			name = Release;
		};
		4408D5A41F00F190001C1FED /* Debug */ = {
			isa = XCBuildConfiguration;
			baseConfigurationReference = 765A8C02263CEE9727E7F032 /* Pods-WBBaseProjectTests.debug.xcconfig */;
			buildSettings = {
				BUNDLE_LOADER = "$(TEST_HOST)";
				DEVELOPMENT_TEAM = 9N37UN32ZR;
				INFOPLIST_FILE = "WBBaseProjectTests/Supporting Files/Info.plist";
				LD_RUNPATH_SEARCH_PATHS = "$(inherited) @executable_path/Frameworks @loader_path/Frameworks";
				PRODUCT_BUNDLE_IDENTIFIER = wubin.WBBaseProjectTests;
				PRODUCT_NAME = "$(TARGET_NAME)";
				TEST_HOST = "$(BUILT_PRODUCTS_DIR)/WBBaseProject.app/WBBaseProject";
			};
			name = Debug;
		};
		4408D5A51F00F190001C1FED /* Release */ = {
			isa = XCBuildConfiguration;
			baseConfigurationReference = 289E1552C77CA53A1909A6F6 /* Pods-WBBaseProjectTests.release.xcconfig */;
			buildSettings = {
				BUNDLE_LOADER = "$(TEST_HOST)";
				DEVELOPMENT_TEAM = 9N37UN32ZR;
				INFOPLIST_FILE = "WBBaseProjectTests/Supporting Files/Info.plist";
				LD_RUNPATH_SEARCH_PATHS = "$(inherited) @executable_path/Frameworks @loader_path/Frameworks";
				PRODUCT_BUNDLE_IDENTIFIER = wubin.WBBaseProjectTests;
				PRODUCT_NAME = "$(TARGET_NAME)";
				TEST_HOST = "$(BUILT_PRODUCTS_DIR)/WBBaseProject.app/WBBaseProject";
			};
			name = Release;
		};
		4408D5A71F00F190001C1FED /* Debug */ = {
			isa = XCBuildConfiguration;
			baseConfigurationReference = EEC62C70FB21457F5DA16C03 /* Pods-WBBaseProjectUITests.debug.xcconfig */;
			buildSettings = {
				DEVELOPMENT_TEAM = 9N37UN32ZR;
				INFOPLIST_FILE = "WBBaseProjectUITests/Supporting Files/Info.plist";
				LD_RUNPATH_SEARCH_PATHS = "$(inherited) @executable_path/Frameworks @loader_path/Frameworks";
				PRODUCT_BUNDLE_IDENTIFIER = wubin.WBBaseProjectUITests;
				PRODUCT_NAME = "$(TARGET_NAME)";
				TEST_TARGET_NAME = WBBaseProject;
			};
			name = Debug;
		};
		4408D5A81F00F190001C1FED /* Release */ = {
			isa = XCBuildConfiguration;
			baseConfigurationReference = 599D123F73C9DAA6CF038FB1 /* Pods-WBBaseProjectUITests.release.xcconfig */;
			buildSettings = {
				DEVELOPMENT_TEAM = 9N37UN32ZR;
				INFOPLIST_FILE = "WBBaseProjectUITests/Supporting Files/Info.plist";
				LD_RUNPATH_SEARCH_PATHS = "$(inherited) @executable_path/Frameworks @loader_path/Frameworks";
				PRODUCT_BUNDLE_IDENTIFIER = wubin.WBBaseProjectUITests;
				PRODUCT_NAME = "$(TARGET_NAME)";
				TEST_TARGET_NAME = WBBaseProject;
			};
			name = Release;
		};
/* End XCBuildConfiguration section */

/* Begin XCConfigurationList section */
		4408D56E1F00F190001C1FED /* Build configuration list for PBXProject "WBBaseProject" */ = {
			isa = XCConfigurationList;
			buildConfigurations = (
				4408D59E1F00F190001C1FED /* Debug */,
				4408D59F1F00F190001C1FED /* Release */,
			);
			defaultConfigurationIsVisible = 0;
			defaultConfigurationName = Release;
		};
		4408D5A01F00F190001C1FED /* Build configuration list for PBXNativeTarget "WBBaseProject" */ = {
			isa = XCConfigurationList;
			buildConfigurations = (
				4408D5A11F00F190001C1FED /* Debug */,
				4408D5A21F00F190001C1FED /* Release */,
			);
			defaultConfigurationIsVisible = 0;
			defaultConfigurationName = Release;
		};
		4408D5A31F00F190001C1FED /* Build configuration list for PBXNativeTarget "WBBaseProjectTests" */ = {
			isa = XCConfigurationList;
			buildConfigurations = (
				4408D5A41F00F190001C1FED /* Debug */,
				4408D5A51F00F190001C1FED /* Release */,
			);
			defaultConfigurationIsVisible = 0;
			defaultConfigurationName = Release;
		};
		4408D5A61F00F190001C1FED /* Build configuration list for PBXNativeTarget "WBBaseProjectUITests" */ = {
			isa = XCConfigurationList;
			buildConfigurations = (
				4408D5A71F00F190001C1FED /* Debug */,
				4408D5A81F00F190001C1FED /* Release */,
			);
			defaultConfigurationIsVisible = 0;
			defaultConfigurationName = Release;
		};
/* End XCConfigurationList section */
	};
	rootObject = 4408D56B1F00F190001C1FED /* Project object */;
}
